
Microsoft Visual Studio Solution File, Format Version 12.00
# Visual Studio Version 17
VisualStudioVersion = 17.8.34525.116
MinimumVisualStudioVersion = 10.0.40219.1
Project("{FAE04EC0-301F-11D3-BF4B-00C04F79EFBC}") = "sudoku1", "sudoku1\sudoku1.csproj", "{A288CD9F-19E7-456D-8A7F-0CA9E2FFB1D9}"
EndProject
Global
	GlobalSection(SolutionConfigurationPlatforms) = preSolution
		Debug|Any CPU = Debug|Any CPU
		Release|Any CPU = Release|Any CPU
	EndGlobalSection
	GlobalSection(ProjectConfigurationPlatforms) = postSolution
		{A288CD9F-19E7-456D-8A7F-0CA9E2FFB1D9}.Debug|Any CPU.ActiveCfg = Debug|Any CPU
		{A288CD9F-19E7-456D-8A7F-0CA9E2FFB1D9}.Debug|Any CPU.Build.0 = Debug|Any CPU
		{A288CD9F-19E7-456D-8A7F-0CA9E2FFB1D9}.Release|Any CPU.ActiveCfg = Release|Any CPU
		{A288CD9F-19E7-456D-8A7F-0CA9E2FFB1D9}.Release|Any CPU.Build.0 = Release|Any CPU
	EndGlobalSection
	GlobalSection(SolutionProperties) = preSolution
		HideSolutionNode = FALSE
	EndGlobalSection
	GlobalSection(ExtensibilityGlobals) = postSolution
		SolutionGuid = {2A865BDD-8401-4227-87CC-A369A24D730B}
	EndGlobalSection
EndGlobal
